// !$*UTF8*$!
{
	archiveVersion = 1;
	classes = {
	};
	objectVersion = 46;
	objects = {

/* Begin PBXBuildFile section */
		44C6D9AC1AC7EF2F00337B91 /* main.m in Sources */ = {isa = PBXBuildFile; fileRef = 44C6D9AB1AC7EF2F00337B91 /* main.m */; };
		44C6D9AF1AC7EF2F00337B91 /* AppDelegate.m in Sources */ = {isa = PBXBuildFile; fileRef = 44C6D9AE1AC7EF2F00337B91 /* AppDelegate.m */; };
		44C6D9B71AC7EF2F00337B91 /* Images.xcassets in Resources */ = {isa = PBXBuildFile; fileRef = 44C6D9B61AC7EF2F00337B91 /* Images.xcassets */; };
		44C6D9BA1AC7EF2F00337B91 /* LaunchScreen.xib in Resources */ = {isa = PBXBuildFile; fileRef = 44C6D9B81AC7EF2F00337B91 /* LaunchScreen.xib */; };
		44C6D9C61AC7EF2F00337B91 /* PlayWithXIBUITests.m in Sources */ = {isa = PBXBuildFile; fileRef = 44C6D9C51AC7EF2F00337B91 /* PlayWithXIBUITests.m */; };
		44C6D9D21AC7EF8500337B91 /* MainViewController.m in Sources */ = {isa = PBXBuildFile; fileRef = 44C6D9D01AC7EF8500337B91 /* MainViewController.m */; };
		44C6D9D31AC7EF8500337B91 /* MainViewController.xib in Resources */ = {isa = PBXBuildFile; fileRef = 44C6D9D11AC7EF8500337B91 /* MainViewController.xib */; };
		44C6D9D91AC7FB4500337B91 /* ChildViewController.m in Sources */ = {isa = PBXBuildFile; fileRef = 44C6D9D71AC7FB4500337B91 /* ChildViewController.m */; };
		44C6D9DA1AC7FB4500337B91 /* ChildViewController.xib in Resources */ = {isa = PBXBuildFile; fileRef = 44C6D9D81AC7FB4500337B91 /* ChildViewController.xib */; };
/* End PBXBuildFile section */

/* Begin PBXContainerItemProxy section */
		44C6D9C01AC7EF2F00337B91 /* PBXContainerItemProxy */ = {
			isa = PBXContainerItemProxy;
			containerPortal = 44C6D99E1AC7EF2F00337B91 /* Project object */;
			proxyType = 1;
			remoteGlobalIDString = 44C6D9A51AC7EF2F00337B91;
			remoteInfo = PlayWithXIBUI;
		};
/* End PBXContainerItemProxy section */

/* Begin PBXFileReference section */
		44C6D9A61AC7EF2F00337B91 /* PlayWithXIBUI.app */ = {isa = PBXFileReference; explicitFileType = wrapper.application; includeInIndex = 0; path = PlayWithXIBUI.app; sourceTree = BUILT_PRODUCTS_DIR; };
		44C6D9AA1AC7EF2F00337B91 /* Info.plist */ = {isa = PBXFileReference; lastKnownFileType = text.plist.xml; path = Info.plist; sourceTree = "<group>"; };
		44C6D9AB1AC7EF2F00337B91 /* main.m */ = {isa = PBXFileReference; lastKnownFileType = sourcecode.c.objc; path = main.m; sourceTree = "<group>"; };
		44C6D9AD1AC7EF2F00337B91 /* AppDelegate.h */ = {isa = PBXFileReference; lastKnownFileType = sourcecode.c.h; path = AppDelegate.h; sourceTree = "<group>"; };
		44C6D9AE1AC7EF2F00337B91 /* AppDelegate.m */ = {isa = PBXFileReference; lastKnownFileType = sourcecode.c.objc; path = AppDelegate.m; sourceTree = "<group>"; };
		44C6D9B61AC7EF2F00337B91 /* Images.xcassets */ = {isa = PBXFileReference; lastKnownFileType = folder.assetcatalog; path = Images.xcassets; sourceTree = "<group>"; };
		44C6D9B91AC7EF2F00337B91 /* Base */ = {isa = PBXFileReference; lastKnownFileType = file.xib; name = Base; path = Base.lproj/LaunchScreen.xib; sourceTree = "<group>"; };
		44C6D9BF1AC7EF2F00337B91 /* PlayWithXIBUITests.xctest */ = {isa = PBXFileReference; explicitFileType = wrapper.cfbundle; includeInIndex = 0; path = PlayWithXIBUITests.xctest; sourceTree = BUILT_PRODUCTS_DIR; };
		44C6D9C41AC7EF2F00337B91 /* Info.plist */ = {isa = PBXFileReference; lastKnownFileType = text.plist.xml; path = Info.plist; sourceTree = "<group>"; };
		44C6D9C51AC7EF2F00337B91 /* PlayWithXIBUITests.m */ = {isa = PBXFileReference; lastKnownFileType = sourcecode.c.objc; path = PlayWithXIBUITests.m; sourceTree = "<group>"; };
		44C6D9CF1AC7EF8500337B91 /* MainViewController.h */ = {isa = PBXFileReference; fileEncoding = 4; lastKnownFileType = sourcecode.c.h; path = MainViewController.h; sourceTree = "<group>"; };
		44C6D9D01AC7EF8500337B91 /* MainViewController.m */ = {isa = PBXFileReference; fileEncoding = 4; lastKnownFileType = sourcecode.c.objc; path = MainViewController.m; sourceTree = "<group>"; };
		44C6D9D11AC7EF8500337B91 /* MainViewController.xib */ = {isa = PBXFileReference; fileEncoding = 4; lastKnownFileType = file.xib; path = MainViewController.xib; sourceTree = "<group>"; };
		44C6D9D61AC7FB4500337B91 /* ChildViewController.h */ = {isa = PBXFileReference; fileEncoding = 4; lastKnownFileType = sourcecode.c.h; path = ChildViewController.h; sourceTree = "<group>"; };
		44C6D9D71AC7FB4500337B91 /* ChildViewController.m */ = {isa = PBXFileReference; fileEncoding = 4; lastKnownFileType = sourcecode.c.objc; path = ChildViewController.m; sourceTree = "<group>"; };
		44C6D9D81AC7FB4500337B91 /* ChildViewController.xib */ = {isa = PBXFileReference; fileEncoding = 4; lastKnownFileType = file.xib; path = ChildViewController.xib; sourceTree = "<group>"; };
/* End PBXFileReference section */

/* Begin PBXFrameworksBuildPhase section */
		44C6D9A31AC7EF2F00337B91 /* Frameworks */ = {
			isa = PBXFrameworksBuildPhase;
			buildActionMask = 2147483647;
			files = (
			);
			runOnlyForDeploymentPostprocessing = 0;
		};
		44C6D9BC1AC7EF2F00337B91 /* Frameworks */ = {
			isa = PBXFrameworksBuildPhase;
			buildActionMask = 2147483647;
			files = (
			);
			runOnlyForDeploymentPostprocessing = 0;
		};
/* End PBXFrameworksBuildPhase section */

/* Begin PBXGroup section */
		44C6D99D1AC7EF2F00337B91 = {
			isa = PBXGroup;
			children = (
				44C6D9A81AC7EF2F00337B91 /* PlayWithXIBUI */,
				44C6D9C21AC7EF2F00337B91 /* PlayWithXIBUITests */,
				44C6D9A71AC7EF2F00337B91 /* Products */,
			);
			sourceTree = "<group>";
		};
		44C6D9A71AC7EF2F00337B91 /* Products */ = {
			isa = PBXGroup;
			children = (
				44C6D9A61AC7EF2F00337B91 /* PlayWithXIBUI.app */,
				44C6D9BF1AC7EF2F00337B91 /* PlayWithXIBUITests.xctest */,
			);
			name = Products;
			sourceTree = "<group>";
		};
		44C6D9A81AC7EF2F00337B91 /* PlayWithXIBUI */ = {
			isa = PBXGroup;
			children = (
				44C6D9AD1AC7EF2F00337B91 /* AppDelegate.h */,
				44C6D9AE1AC7EF2F00337B91 /* AppDelegate.m */,
				44C6D9B61AC7EF2F00337B91 /* Images.xcassets */,
				44C6D9B81AC7EF2F00337B91 /* LaunchScreen.xib */,
				44C6D9A91AC7EF2F00337B91 /* Supporting Files */,
				44C6D9CF1AC7EF8500337B91 /* MainViewController.h */,
				44C6D9D01AC7EF8500337B91 /* MainViewController.m */,
				44C6D9D11AC7EF8500337B91 /* MainViewController.xib */,
				44C6D9D61AC7FB4500337B91 /* ChildViewController.h */,
				44C6D9D71AC7FB4500337B91 /* ChildViewController.m */,
				44C6D9D81AC7FB4500337B91 /* ChildViewController.xib */,
			);
			path = PlayWithXIBUI;
			sourceTree = "<group>";
		};
		44C6D9A91AC7EF2F00337B91 /* Supporting Files */ = {
			isa = PBXGroup;
			children = (
				44C6D9AA1AC7EF2F00337B91 /* Info.plist */,
				44C6D9AB1AC7EF2F00337B91 /* main.m */,
			);
			name = "Supporting Files";
			sourceTree = "<group>";
		};
		44C6D9C21AC7EF2F00337B91 /* PlayWithXIBUITests */ = {
			isa = PBXGroup;
			children = (
				44C6D9C51AC7EF2F00337B91 /* PlayWithXIBUITests.m */,
				44C6D9C31AC7EF2F00337B91 /* Supporting Files */,
			);
			path = PlayWithXIBUITests;
			sourceTree = "<group>";
		};
		44C6D9C31AC7EF2F00337B91 /* Supporting Files */ = {
			isa = PBXGroup;
			children = (
				44C6D9C41AC7EF2F00337B91 /* Info.plist */,
			);
			name = "Supporting Files";
			sourceTree = "<group>";
		};
/* End PBXGroup section */

/* Begin PBXNativeTarget section */
		44C6D9A51AC7EF2F00337B91 /* PlayWithXIBUI */ = {
			isa = PBXNativeTarget;
			buildConfigurationList = 44C6D9C91AC7EF2F00337B91 /* Build configuration list for PBXNativeTarget "PlayWithXIBUI" */;
			buildPhases = (
				44C6D9A21AC7EF2F00337B91 /* Sources */,
				44C6D9A31AC7EF2F00337B91 /* Frameworks */,
				44C6D9A41AC7EF2F00337B91 /* Resources */,
			);
			buildRules = (
			);
			dependencies = (
			);
			name = PlayWithXIBUI;
			productName = PlayWithXIBUI;
			productReference = 44C6D9A61AC7EF2F00337B91 /* PlayWithXIBUI.app */;
			productType = "com.apple.product-type.application";
		};
		44C6D9BE1AC7EF2F00337B91 /* PlayWithXIBUITests */ = {
			isa = PBXNativeTarget;
			buildConfigurationList = 44C6D9CC1AC7EF2F00337B91 /* Build configuration list for PBXNativeTarget "PlayWithXIBUITests" */;
			buildPhases = (
				44C6D9BB1AC7EF2F00337B91 /* Sources */,
				44C6D9BC1AC7EF2F00337B91 /* Frameworks */,
				44C6D9BD1AC7EF2F00337B91 /* Resources */,
			);
			buildRules = (
			);
			dependencies = (
				44C6D9C11AC7EF2F00337B91 /* PBXTargetDependency */,
			);
			name = PlayWithXIBUITests;
			productName = PlayWithXIBUITests;
			productReference = 44C6D9BF1AC7EF2F00337B91 /* PlayWithXIBUITests.xctest */;
			productType = "com.apple.product-type.bundle.unit-test";
		};
/* End PBXNativeTarget section */

/* Begin PBXProject section */
		44C6D99E1AC7EF2F00337B91 /* Project object */ = {
			isa = PBXProject;
			attributes = {
				LastUpgradeCheck = 0610;
				ORGANIZATIONNAME = "Kate Polyakova";
				TargetAttributes = {
					44C6D9A51AC7EF2F00337B91 = {
						CreatedOnToolsVersion = 6.1;
					};
					44C6D9BE1AC7EF2F00337B91 = {
						CreatedOnToolsVersion = 6.1;
						TestTargetID = 44C6D9A51AC7EF2F00337B91;
					};
				};
			};
			buildConfigurationList = 44C6D9A11AC7EF2F00337B91 /* Build configuration list for PBXProject "PlayWithXIBUI" */;
			compatibilityVersion = "Xcode 3.2";
			developmentRegion = English;
			hasScannedForEncodings = 0;
			knownRegions = (
				en,
				Base,
			);
			mainGroup = 44C6D99D1AC7EF2F00337B91;
			productRefGroup = 44C6D9A71AC7EF2F00337B91 /* Products */;
			projectDirPath = "";
			projectRoot = "";
			targets = (
				44C6D9A51AC7EF2F00337B91 /* PlayWithXIBUI */,
				44C6D9BE1AC7EF2F00337B91 /* PlayWithXIBUITests */,
			);
		};
/* End PBXProject section */

/* Begin PBXResourcesBuildPhase section */
		44C6D9A41AC7EF2F00337B91 /* Resources */ = {
			isa = PBXResourcesBuildPhase;
			buildActionMask = 2147483647;
			files = (
				44C6D9BA1AC7EF2F00337B91 /* LaunchScreen.xib in Resources */,
				44C6D9D31AC7EF8500337B91 /* MainViewController.xib in Resources */,
				44C6D9B71AC7EF2F00337B91 /* Images.xcassets in Resources */,
				44C6D9DA1AC7FB4500337B91 /* ChildViewController.xib in Resources */,
			);
			runOnlyForDeploymentPostprocessing = 0;
		};
		44C6D9BD1AC7EF2F00337B91 /* Resources */ = {
			isa = PBXResourcesBuildPhase;
			buildActionMask = 2147483647;
			files = (
			);
			runOnlyForDeploymentPostprocessing = 0;
		};
/* End PBXResourcesBuildPhase section */

/* Begin PBXSourcesBuildPhase section */
		44C6D9A21AC7EF2F00337B91 /* Sources */ = {
			isa = PBXSourcesBuildPhase;
			buildActionMask = 2147483647;
			files = (
				44C6D9AF1AC7EF2F00337B91 /* AppDelegate.m in Sources */,
				44C6D9D21AC7EF8500337B91 /* MainViewController.m in Sources */,
				44C6D9AC1AC7EF2F00337B91 /* main.m in Sources */,
				44C6D9D91AC7FB4500337B91 /* ChildViewController.m in Sources */,
			);
			runOnlyForDeploymentPostprocessing = 0;
		};
		44C6D9BB1AC7EF2F00337B91 /* Sources */ = {
			isa = PBXSourcesBuildPhase;
			buildActionMask = 2147483647;
			files = (
				44C6D9C61AC7EF2F00337B91 /* PlayWithXIBUITests.m in Sources */,
			);
			runOnlyForDeploymentPostprocessing = 0;
		};
/* End PBXSourcesBuildPhase section */

/* Begin PBXTargetDependency section */
		44C6D9C11AC7EF2F00337B91 /* PBXTargetDependency */ = {
			isa = PBXTargetDependency;
			target = 44C6D9A51AC7EF2F00337B91 /* PlayWithXIBUI */;
			targetProxy = 44C6D9C01AC7EF2F00337B91 /* PBXContainerItemProxy */;
		};
/* End PBXTargetDependency section */

/* Begin PBXVariantGroup section */
		44C6D9B81AC7EF2F00337B91 /* LaunchScreen.xib */ = {
			isa = PBXVariantGroup;
			children = (
				44C6D9B91AC7EF2F00337B91 /* Base */,
			);
			name = LaunchScreen.xib;
			sourceTree = "<group>";
		};
/* End PBXVariantGroup section */

/* Begin XCBuildConfiguration section */
		44C6D9C71AC7EF2F00337B91 /* Debug */ = {
			isa = XCBuildConfiguration;
			buildSettings = {
				ALWAYS_SEARCH_USER_PATHS = NO;
				CLANG_CXX_LANGUAGE_STANDARD = "gnu++0x";
				CLANG_CXX_LIBRARY = "libc++";
				CLANG_ENABLE_MODULES = YES;
				CLANG_ENABLE_OBJC_ARC = YES;
				CLANG_WARN_BOOL_CONVERSION = YES;
				CLANG_WARN_CONSTANT_CONVERSION = YES;
				CLANG_WARN_DIRECT_OBJC_ISA_USAGE = YES_ERROR;
				CLANG_WARN_EMPTY_BODY = YES;
				CLANG_WARN_ENUM_CONVERSION = YES;
				CLANG_WARN_INT_CONVERSION = YES;
				CLANG_WARN_OBJC_ROOT_CLASS = YES_ERROR;
				CLANG_WARN_UNREACHABLE_CODE = YES;
				CLANG_WARN__DUPLICATE_METHOD_MATCH = YES;
				"CODE_SIGN_IDENTITY[sdk=iphoneos*]" = "iPhone Developer";
				COPY_PHASE_STRIP = NO;
				ENABLE_STRICT_OBJC_MSGSEND = YES;
				GCC_C_LANGUAGE_STANDARD = gnu99;
				GCC_DYNAMIC_NO_PIC = NO;
				GCC_OPTIMIZATION_LEVEL = 0;
				GCC_PREPROCESSOR_DEFINITIONS = (
					"DEBUG=1",
					"$(inherited)",
				);
				GCC_SYMBOLS_PRIVATE_EXTERN = NO;
				GCC_WARN_64_TO_32_BIT_CONVERSION = YES;
				GCC_WARN_ABOUT_RETURN_TYPE = YES_ERROR;
				GCC_WARN_UNDECLARED_SELECTOR = YES;
				GCC_WARN_UNINITIALIZED_AUTOS = YES_AGGRESSIVE;
				GCC_WARN_UNUSED_FUNCTION = YES;
				GCC_WARN_UNUSED_VARIABLE = YES;
				IPHONEOS_DEPLOYMENT_TARGET = 8.1;
				MTL_ENABLE_DEBUG_INFO = YES;
				ONLY_ACTIVE_ARCH = YES;
				SDKROOT = iphoneos;
				TARGETED_DEVICE_FAMILY = "1,2";
			};
			name = Debug;
		};
		44C6D9C81AC7EF2F00337B91 /* Release */ = {
			isa = XCBuildConfiguration;
			buildSettings = {
				ALWAYS_SEARCH_USER_PATHS = NO;
				CLANG_CXX_LANGUAGE_STANDARD = "gnu++0x";
				CLANG_CXX_LIBRARY = "libc++";
				CLANG_ENABLE_MODULES = YES;
				CLANG_ENABLE_OBJC_ARC = YES;
				CLANG_WARN_BOOL_CONVERSION = YES;
				CLANG_WARN_CONSTANT_CONVERSION = YES;
				CLANG_WARN_DIRECT_OBJC_ISA_USAGE = YES_ERROR;
				CLANG_WARN_EMPTY_BODY = YES;
				CLANG_WARN_ENUM_CONVERSION = YES;
				CLANG_WARN_INT_CONVERSION = YES;
				CLANG_WARN_OBJC_ROOT_CLASS = YES_ERROR;
				CLANG_WARN_UNREACHABLE_CODE = YES;
				CLANG_WARN__DUPLICATE_METHOD_MATCH = YES;
				"CODE_SIGN_IDENTITY[sdk=iphoneos*]" = "iPhone Developer";
				COPY_PHASE_STRIP = YES;
				ENABLE_NS_ASSERTIONS = NO;
				ENABLE_STRICT_OBJC_MSGSEND = YES;
				GCC_C_LANGUAGE_STANDARD = gnu99;
				GCC_WARN_64_TO_32_BIT_CONVERSION = YES;
				GCC_WARN_ABOUT_RETURN_TYPE = YES_ERROR;
				GCC_WARN_UNDECLARED_SELECTOR = YES;
				GCC_WARN_UNINITIALIZED_AUTOS = YES_AGGRESSIVE;
				GCC_WARN_UNUSED_FUNCTION = YES;
				GCC_WARN_UNUSED_VARIABLE = YES;
				IPHONEOS_DEPLOYMENT_TARGET = 8.1;
				MTL_ENABLE_DEBUG_INFO = NO;
				SDKROOT = iphoneos;
				TARGETED_DEVICE_FAMILY = "1,2";
				VALIDATE_PRODUCT = YES;
			};
			name = Release;
		};
		44C6D9CA1AC7EF2F00337B91 /* Debug */ = {
			isa = XCBuildConfiguration;
			buildSettings = {
				ASSETCATALOG_COMPILER_APPICON_NAME = AppIcon;
				INFOPLIST_FILE = PlayWithXIBUI/Info.plist;
				LD_RUNPATH_SEARCH_PATHS = "$(inherited) @executable_path/Frameworks";
				PRODUCT_NAME = "$(TARGET_NAME)";
			};
			name = Debug;
		};
		44C6D9CB1AC7EF2F00337B91 /* Release */ = {
			isa = XCBuildConfiguration;
			buildSettings = {
				ASSETCATALOG_COMPILER_APPICON_NAME = AppIcon;
				INFOPLIST_FILE = PlayWithXIBUI/Info.plist;
				LD_RUNPATH_SEARCH_PATHS = "$(inherited) @executable_path/Frameworks";
				PRODUCT_NAME = "$(TARGET_NAME)";
			};
			name = Release;
		};
		44C6D9CD1AC7EF2F00337B91 /* Debug */ = {
			isa = XCBuildConfiguration;
			buildSettings = {
				BUNDLE_LOADER = "$(TEST_HOST)";
				FRAMEWORK_SEARCH_PATHS = (
					"$(SDKROOT)/Developer/Library/Frameworks",
					"$(inherited)",
				);
				GCC_PREPROCESSOR_DEFINITIONS = (
					"DEBUG=1",
					"$(inherited)",
				);
				INFOPLIST_FILE = PlayWithXIBUITests/Info.plist;
				LD_RUNPATH_SEARCH_PATHS = "$(inherited) @executable_path/Frameworks @loader_path/Frameworks";
				PRODUCT_NAME = "$(TARGET_NAME)";
				TEST_HOST = "$(BUILT_PRODUCTS_DIR)/PlayWithXIBUI.app/PlayWithXIBUI";
			};
			name = Debug;
		};
		44C6D9CE1AC7EF2F00337B91 /* Release */ = {
			isa = XCBuildConfiguration;
			buildSettings = {
				BUNDLE_LOADER = "$(TEST_HOST)";
				FRAMEWORK_SEARCH_PATHS = (
					"$(SDKROOT)/Developer/Library/Frameworks",
					"$(inherited)",
				);
				INFOPLIST_FILE = PlayWithXIBUITests/Info.plist;
				LD_RUNPATH_SEARCH_PATHS = "$(inherited) @executable_path/Frameworks @loader_path/Frameworks";
				PRODUCT_NAME = "$(TARGET_NAME)";
				TEST_HOST = "$(BUILT_PRODUCTS_DIR)/PlayWithXIBUI.app/PlayWithXIBUI";
			};
			name = Release;
		};
/* End XCBuildConfiguration section */

/* Begin XCConfigurationList section */
		44C6D9A11AC7EF2F00337B91 /* Build configuration list for PBXProject "PlayWithXIBUI" */ = {
			isa = XCConfigurationList;
			buildConfigurations = (
				44C6D9C71AC7EF2F00337B91 /* Debug */,
				44C6D9C81AC7EF2F00337B91 /* Release */,
			);
			defaultConfigurationIsVisible = 0;
			defaultConfigurationName = Release;
		};
		44C6D9C91AC7EF2F00337B91 /* Build configuration list for PBXNativeTarget "PlayWithXIBUI" */ = {
			isa = XCConfigurationList;
			buildConfigurations = (
				44C6D9CA1AC7EF2F00337B91 /* Debug */,
				44C6D9CB1AC7EF2F00337B91 /* Release */,
			);
			defaultConfigurationIsVisible = 0;
		};
		44C6D9CC1AC7EF2F00337B91 /* Build configuration list for PBXNativeTarget "PlayWithXIBUITests" */ = {
			isa = XCConfigurationList;
			buildConfigurations = (
				44C6D9CD1AC7EF2F00337B91 /* Debug */,
				44C6D9CE1AC7EF2F00337B91 /* Release */,
			);
			defaultConfigurationIsVisible = 0;
		};
/* End XCConfigurationList section */
	};
	rootObject = 44C6D99E1AC7EF2F00337B91 /* Project object */;
}
